
Microsoft Visual Studio Solution File, Format Version 12.00
# Visual Studio Version 16
VisualStudioVersion = 16.0.31105.61
MinimumVisualStudioVersion = 10.0.40219.1
Project("{9A19103F-16F7-4668-BE54-9A1E7A4F7556}") = "Maincotech.Quizmaker", "Maincotech.Quizmaker.csproj", "{3E6EBAA8-5982-405E-8E25-FB0574177FD9}"
EndProject
Project("{9A19103F-16F7-4668-BE54-9A1E7A4F7556}") = "Maincotech.ExamAssistant.Shared", "..\Maincotech.ExamAssitant.Shared\Maincotech.ExamAssistant.Shared.csproj", "{6589C9E0-2F14-4E51-BD8B-E3295CB5BB7A}"
EndProject
Project("{9A19103F-16F7-4668-BE54-9A1E7A4F7556}") = "Maincotech.ExamAssistant.Services.Az", "..\Maincotech.ExamAssitant.Services.Az\Maincotech.ExamAssistant.Services.Az.csproj", "{513E50FE-F377-445C-AFE3-8FA7CFFE5542}"
EndProject
Project("{9A19103F-16F7-4668-BE54-9A1E7A4F7556}") = "Maincotech.ExamAssistant.Services.GCP", "..\Maincotech.ExamAssitant.Services.GCP\Maincotech.ExamAssistant.Services.GCP.csproj", "{45A31D28-5294-400B-A7AE-A22D2B9E3B08}"
EndProject
Global
	GlobalSection(SolutionConfigurationPlatforms) = preSolution
		Debug|Any CPU = Debug|Any CPU
		Release|Any CPU = Release|Any CPU
	EndGlobalSection
	GlobalSection(ProjectConfigurationPlatforms) = postSolution
		{3E6EBAA8-5982-405E-8E25-FB0574177FD9}.Debug|Any CPU.ActiveCfg = Debug|Any CPU
		{3E6EBAA8-5982-405E-8E25-FB0574177FD9}.Debug|Any CPU.Build.0 = Debug|Any CPU
		{3E6EBAA8-5982-405E-8E25-FB0574177FD9}.Release|Any CPU.ActiveCfg = Release|Any CPU
		{3E6EBAA8-5982-405E-8E25-FB0574177FD9}.Release|Any CPU.Build.0 = Release|Any CPU
		{6589C9E0-2F14-4E51-BD8B-E3295CB5BB7A}.Debug|Any CPU.ActiveCfg = Debug|Any CPU
		{6589C9E0-2F14-4E51-BD8B-E3295CB5BB7A}.Debug|Any CPU.Build.0 = Debug|Any CPU
		{6589C9E0-2F14-4E51-BD8B-E3295CB5BB7A}.Release|Any CPU.ActiveCfg = Release|Any CPU
		{6589C9E0-2F14-4E51-BD8B-E3295CB5BB7A}.Release|Any CPU.Build.0 = Release|Any CPU
		{513E50FE-F377-445C-AFE3-8FA7CFFE5542}.Debug|Any CPU.ActiveCfg = Debug|Any CPU
		{513E50FE-F377-445C-AFE3-8FA7CFFE5542}.Debug|Any CPU.Build.0 = Debug|Any CPU
		{513E50FE-F377-445C-AFE3-8FA7CFFE5542}.Release|Any CPU.ActiveCfg = Release|Any CPU
		{513E50FE-F377-445C-AFE3-8FA7CFFE5542}.Release|Any CPU.Build.0 = Release|Any CPU
		{45A31D28-5294-400B-A7AE-A22D2B9E3B08}.Debug|Any CPU.ActiveCfg = Debug|Any CPU
		{45A31D28-5294-400B-A7AE-A22D2B9E3B08}.Debug|Any CPU.Build.0 = Debug|Any CPU
		{45A31D28-5294-400B-A7AE-A22D2B9E3B08}.Release|Any CPU.ActiveCfg = Release|Any CPU
		{45A31D28-5294-400B-A7AE-A22D2B9E3B08}.Release|Any CPU.Build.0 = Release|Any CPU
	EndGlobalSection
	GlobalSection(SolutionProperties) = preSolution
		HideSolutionNode = FALSE
	EndGlobalSection
	GlobalSection(ExtensibilityGlobals) = postSolution
		SolutionGuid = {3EA902F6-5073-451A-ABFE-A2E56A01D04B}
	EndGlobalSection
EndGlobal
